
Microsoft Visual Studio Solution File, Format Version 12.00
# Visual Studio 15
VisualStudioVersion = 15.0.27130.2010
MinimumVisualStudioVersion = 10.0.40219.1
Project("{9A19103F-16F7-4668-BE54-9A1E7A4F7556}") = "Hare.Publisher", "Hare.Publisher\Hare.Publisher.csproj", "{795DDA92-2E13-41DF-8524-E7DC46257172}"
EndProject
Project("{9A19103F-16F7-4668-BE54-9A1E7A4F7556}") = "Hare.Consumer", "Hare.Consumer\Hare.Consumer.csproj", "{0B87AD0A-03D3-45A1-A3A2-86BE0FAF16C6}"
EndProject
Project("{FAE04EC0-301F-11D3-BF4B-00C04F79EFBC}") = "Hare.Shared", "Hare.Shared\Hare.Shared.csproj", "{CCA515BB-CFBA-4986-A038-95EF575975DE}"
EndProject
Project("{FAE04EC0-301F-11D3-BF4B-00C04F79EFBC}") = "Hare.Tests", "Hare.Tests\Hare.Tests.csproj", "{323A9F65-8D35-4745-9700-FFDEF114B869}"
EndProject
Global
	GlobalSection(SolutionConfigurationPlatforms) = preSolution
		Debug|Any CPU = Debug|Any CPU
		Release|Any CPU = Release|Any CPU
	EndGlobalSection
	GlobalSection(ProjectConfigurationPlatforms) = postSolution
		{795DDA92-2E13-41DF-8524-E7DC46257172}.Debug|Any CPU.ActiveCfg = Debug|Any CPU
		{795DDA92-2E13-41DF-8524-E7DC46257172}.Debug|Any CPU.Build.0 = Debug|Any CPU
		{795DDA92-2E13-41DF-8524-E7DC46257172}.Release|Any CPU.ActiveCfg = Release|Any CPU
		{795DDA92-2E13-41DF-8524-E7DC46257172}.Release|Any CPU.Build.0 = Release|Any CPU
		{0B87AD0A-03D3-45A1-A3A2-86BE0FAF16C6}.Debug|Any CPU.ActiveCfg = Debug|Any CPU
		{0B87AD0A-03D3-45A1-A3A2-86BE0FAF16C6}.Debug|Any CPU.Build.0 = Debug|Any CPU
		{0B87AD0A-03D3-45A1-A3A2-86BE0FAF16C6}.Release|Any CPU.ActiveCfg = Release|Any CPU
		{0B87AD0A-03D3-45A1-A3A2-86BE0FAF16C6}.Release|Any CPU.Build.0 = Release|Any CPU
		{CCA515BB-CFBA-4986-A038-95EF575975DE}.Debug|Any CPU.ActiveCfg = Debug|Any CPU
		{CCA515BB-CFBA-4986-A038-95EF575975DE}.Debug|Any CPU.Build.0 = Debug|Any CPU
		{CCA515BB-CFBA-4986-A038-95EF575975DE}.Release|Any CPU.ActiveCfg = Release|Any CPU
		{CCA515BB-CFBA-4986-A038-95EF575975DE}.Release|Any CPU.Build.0 = Release|Any CPU
		{323A9F65-8D35-4745-9700-FFDEF114B869}.Debug|Any CPU.ActiveCfg = Debug|Any CPU
		{323A9F65-8D35-4745-9700-FFDEF114B869}.Debug|Any CPU.Build.0 = Debug|Any CPU
		{323A9F65-8D35-4745-9700-FFDEF114B869}.Release|Any CPU.ActiveCfg = Release|Any CPU
		{323A9F65-8D35-4745-9700-FFDEF114B869}.Release|Any CPU.Build.0 = Release|Any CPU
	EndGlobalSection
	GlobalSection(SolutionProperties) = preSolution
		HideSolutionNode = FALSE
	EndGlobalSection
	GlobalSection(ExtensibilityGlobals) = postSolution
		SolutionGuid = {D4FB63E5-49BC-48E0-8856-E0F1F0C57383}
	EndGlobalSection
EndGlobal
